{
  "name": "kernel-gateway-node-client-example",
  "version": "0.0.0",
  "lockfileVersion": 1,
  "requires": true,
  "dependencies": {
    "bindings": {
      "version": "1.2.1",
      "resolved": "https://registry.npmjs.org/bindings/-/bindings-1.2.1.tgz",
      "integrity": "sha1-FK1hE4EtLTfXLme0ystLtyZQXxE=",
      "optional": true
    },
    "bufferutil": {
      "version": "1.2.1",
      "resolved": "https://registry.npmjs.org/bufferutil/-/bufferutil-1.2.1.tgz",
      "integrity": "sha1-N75dNuHgZJIiHmjUdLGsWOUQy9c=",
      "optional": true,
      "requires": {
        "bindings": "1.2.x",
        "nan": "^2.0.5"
      }
    },
    "jupyter-js-services": {
      "version": "0.9.2",
      "resolved": "https://registry.npmjs.org/jupyter-js-services/-/jupyter-js-services-0.9.2.tgz",
      "integrity": "sha1-z8F4gr2py6IOlCTnq3rhZJSw+FM=",
      "requires": {
        "jupyter-js-utils": "^0.4.0",
        "phosphor-disposable": "^1.0.5",
        "phosphor-signaling": "^1.2.0"
      }
    },
    "jupyter-js-utils": {
      "version": "0.4.0",
      "resolved": "https://registry.npmjs.org/jupyter-js-utils/-/jupyter-js-utils-0.4.0.tgz",
      "integrity": "sha1-nGbpVXsM26v9dCb5cDfY9MUrmR8=",
      "requires": {
        "minimist": "^1.2.0",
        "requirejs": "^2.1.22"
      }
    },
    "minimist": {
      "version": "1.2.0",
      "resolved": "https://registry.npmjs.org/minimist/-/minimist-1.2.0.tgz",
      "integrity": "sha1-o1AIsg9BOD7sH7kU9M1d95omQoQ="
    },
    "nan": {
      "version": "2.14.0",
      "resolved": "https://registry.npmjs.org/nan/-/nan-2.14.0.tgz",
      "integrity": "sha512-INOFj37C7k3AfaNTtX8RhsTw7qRy7eLET14cROi9+5HAVbbHuIWUHEauBv5qT4Av2tWasiTY1Jw6puUNqRJXQg=="
    },
    "options": {
      "version": "0.0.6",
      "resolved": "https://registry.npmjs.org/options/-/options-0.0.6.tgz",
      "integrity": "sha1-7CLTEoBrtT5zF3Pnza788cZDEo8="
    },
    "phosphor-disposable": {
      "version": "1.0.5",
      "resolved": "https://registry.npmjs.org/phosphor-disposable/-/phosphor-disposable-1.0.5.tgz",
      "integrity": "sha1-e2QwnTb88rElTAZGN9tTgoI4ZZc="
    },
    "phosphor-signaling": {
      "version": "1.2.0",
      "resolved": "https://registry.npmjs.org/phosphor-signaling/-/phosphor-signaling-1.2.0.tgz",
      "integrity": "sha1-91fWrxqxaD0Wv2hq0L/VAZXtXao="
    },
    "requirejs": {
      "version": "2.3.6",
      "resolved": "https://registry.npmjs.org/requirejs/-/requirejs-2.3.6.tgz",
      "integrity": "sha512-ipEzlWQe6RK3jkzikgCupiTbTvm4S0/CAU5GlgptkN5SO6F3u0UD0K18wy6ErDqiCyP4J4YYe1HuAShvsxePLg=="
    },
    "ultron": {
      "version": "1.0.2",
      "resolved": "https://registry.npmjs.org/ultron/-/ultron-1.0.2.tgz",
      "integrity": "sha1-rOEWq1V80Zc4ak6I9GhTeMiy5Po="
    },
    "utf-8-validate": {
      "version": "1.2.2",
      "resolved": "https://registry.npmjs.org/utf-8-validate/-/utf-8-validate-1.2.2.tgz",
      "integrity": "sha1-i7hxpHQeCFxwSHynrNvX1tNgKes=",
      "optional": true,
      "requires": {
        "bindings": "~1.2.1",
        "nan": "~2.4.0"
      },
      "dependencies": {
        "nan": {
          "version": "2.4.0",
          "resolved": "https://registry.npmjs.org/nan/-/nan-2.4.0.tgz",
          "integrity": "sha1-+zxZ1F/k7/4hXwuJD4rfbrMtIjI=",
          "optional": true
        }
      }
    },
    "ws": {
      "version": "0.8.1",
      "resolved": "https://registry.npmjs.org/ws/-/ws-0.8.1.tgz",
      "integrity": "sha1-a2UnO5kZPF8Gekz1gJWY93fjt1k=",
      "requires": {
        "bufferutil": "1.2.x",
        "options": ">=0.0.5",
        "ultron": "1.0.x",
        "utf-8-validate": "1.2.x"
      }
    },
    "xmlhttprequest": {
      "version": "1.8.0",
      "resolved": "https://registry.npmjs.org/xmlhttprequest/-/xmlhttprequest-1.8.0.tgz",
      "integrity": "sha1-Z/4HXFwk/vOfnWX197f+dRcZaPw="
    }
  }
}
